// !$*UTF8*$!
{
	archiveVersion = 1;
	classes = {
	};
	objectVersion = 56;
	objects = {

/* Begin PBXBuildFile section */
		F813435D2BFF6C940023A9E3 /* PhotosViewController.m in Sources */ = {isa = PBXBuildFile; fileRef = F813435C2BFF6C940023A9E3 /* PhotosViewController.m */; };
		F81343602BFF6E790023A9E3 /* PhotoCollectionViewCell.m in Sources */ = {isa = PBXBuildFile; fileRef = F813435F2BFF6E790023A9E3 /* PhotoCollectionViewCell.m */; };
		F81343682BFF797A0023A9E3 /* photo7.png in Resources */ = {isa = PBXBuildFile; fileRef = F81343612BFF79750023A9E3 /* photo7.png */; };
		F81343692BFF797A0023A9E3 /* photo3.png in Resources */ = {isa = PBXBuildFile; fileRef = F81343622BFF79770023A9E3 /* photo3.png */; };
		F813436A2BFF797A0023A9E3 /* photo1.png in Resources */ = {isa = PBXBuildFile; fileRef = F81343632BFF79780023A9E3 /* photo1.png */; };
		F813436B2BFF797A0023A9E3 /* photo2.png in Resources */ = {isa = PBXBuildFile; fileRef = F81343642BFF79790023A9E3 /* photo2.png */; };
		F813436C2BFF797A0023A9E3 /* photo4.png in Resources */ = {isa = PBXBuildFile; fileRef = F81343652BFF79790023A9E3 /* photo4.png */; };
		F813436D2BFF797A0023A9E3 /* photo5.png in Resources */ = {isa = PBXBuildFile; fileRef = F81343662BFF79790023A9E3 /* photo5.png */; };
		F813436E2BFF797A0023A9E3 /* photo6.png in Resources */ = {isa = PBXBuildFile; fileRef = F81343672BFF797A0023A9E3 /* photo6.png */; };
		F885ABAA2C19D2F3002E61DB /* FinancialsViewController.m in Sources */ = {isa = PBXBuildFile; fileRef = F885ABA92C19D2F3002E61DB /* FinancialsViewController.m */; };
		F885ABAD2C19D372002E61DB /* FinancialsTableViewCell.m in Sources */ = {isa = PBXBuildFile; fileRef = F885ABAC2C19D372002E61DB /* FinancialsTableViewCell.m */; };
		F885ABB02C19E2B2002E61DB /* FinancialItem.m in Sources */ = {isa = PBXBuildFile; fileRef = F885ABAF2C19E2B2002E61DB /* FinancialItem.m */; };
		F88AC59C2BFC369C00B24B09 /* EMRTableViewCell.m in Sources */ = {isa = PBXBuildFile; fileRef = F88AC59B2BFC369B00B24B09 /* EMRTableViewCell.m */; };
		F88AC59F2BFC3E9F00B24B09 /* EMRViewController.m in Sources */ = {isa = PBXBuildFile; fileRef = F88AC59E2BFC3E9E00B24B09 /* EMRViewController.m */; };
		F88AC5A22BFC3F5000B24B09 /* EMRItem.m in Sources */ = {isa = PBXBuildFile; fileRef = F88AC5A12BFC3F5000B24B09 /* EMRItem.m */; };
		F88F88162BFCC51C004D3149 /* PaddingLabel.m in Sources */ = {isa = PBXBuildFile; fileRef = F88F88152BFCC51C004D3149 /* PaddingLabel.m */; };
		F88F88192BFCDFC5004D3149 /* CommunicationViewController.m in Sources */ = {isa = PBXBuildFile; fileRef = F88F88182BFCDFC5004D3149 /* CommunicationViewController.m */; };
		F88F881C2BFCE0BD004D3149 /* CommunicationTableViewCell.m in Sources */ = {isa = PBXBuildFile; fileRef = F88F881B2BFCE0BD004D3149 /* CommunicationTableViewCell.m */; };
		F88F881F2BFCE153004D3149 /* Communication.m in Sources */ = {isa = PBXBuildFile; fileRef = F88F881E2BFCE153004D3149 /* Communication.m */; };
		F89D351C2BF8A0F200600330 /* DetailsViewController.m in Sources */ = {isa = PBXBuildFile; fileRef = F89D351B2BF8A0F100600330 /* DetailsViewController.m */; };
		F89D35202BF8A21600600330 /* DetailsTableViewCell.m in Sources */ = {isa = PBXBuildFile; fileRef = F89D351F2BF8A21600600330 /* DetailsTableViewCell.m */; };
		F89D35232BF8AA2B00600330 /* DocumentsViewController.m in Sources */ = {isa = PBXBuildFile; fileRef = F89D35222BF8AA2B00600330 /* DocumentsViewController.m */; };
		F89D35272BF8ABD400600330 /* Document.m in Sources */ = {isa = PBXBuildFile; fileRef = F89D35262BF8ABD400600330 /* Document.m */; };
		F89D352A2BF8AD5D00600330 /* DocumentTableViewCell.m in Sources */ = {isa = PBXBuildFile; fileRef = F89D35292BF8AD5D00600330 /* DocumentTableViewCell.m */; };
		F8A9645C2BFD2B5D0077DAC1 /* NotesViewController.m in Sources */ = {isa = PBXBuildFile; fileRef = F8A9645B2BFD2B5D0077DAC1 /* NotesViewController.m */; };
		F8A9645F2BFD2C450077DAC1 /* Note.m in Sources */ = {isa = PBXBuildFile; fileRef = F8A9645E2BFD2C450077DAC1 /* Note.m */; };
		F8A964622BFD2D010077DAC1 /* NotesTableViewCell.m in Sources */ = {isa = PBXBuildFile; fileRef = F8A964612BFD2D010077DAC1 /* NotesTableViewCell.m */; };
		F8A964682BFD2E2E0077DAC1 /* avatar1.png in Resources */ = {isa = PBXBuildFile; fileRef = F8A964642BFD2E2E0077DAC1 /* avatar1.png */; };
		F8A964692BFD2E2E0077DAC1 /* avatar3.png in Resources */ = {isa = PBXBuildFile; fileRef = F8A964652BFD2E2E0077DAC1 /* avatar3.png */; };
		F8A9646A2BFD2E2E0077DAC1 /* avatar2.png in Resources */ = {isa = PBXBuildFile; fileRef = F8A964662BFD2E2E0077DAC1 /* avatar2.png */; };
		F8A9646B2BFD2E2E0077DAC1 /* avatar4.png in Resources */ = {isa = PBXBuildFile; fileRef = F8A964672BFD2E2E0077DAC1 /* avatar4.png */; };
		F8C44E9F2BF6F88C00A1648A /* AppDelegate.m in Sources */ = {isa = PBXBuildFile; fileRef = F8C44E9E2BF6F88C00A1648A /* AppDelegate.m */; };
		F8C44EA22BF6F88C00A1648A /* SceneDelegate.m in Sources */ = {isa = PBXBuildFile; fileRef = F8C44EA12BF6F88C00A1648A /* SceneDelegate.m */; };
		F8C44EA52BF6F88C00A1648A /* ViewController.m in Sources */ = {isa = PBXBuildFile; fileRef = F8C44EA42BF6F88C00A1648A /* ViewController.m */; };
		F8C44EA82BF6F88C00A1648A /* Main.storyboard in Resources */ = {isa = PBXBuildFile; fileRef = F8C44EA62BF6F88C00A1648A /* Main.storyboard */; };
		F8C44EAA2BF6F8D000A1648A /* Assets.xcassets in Resources */ = {isa = PBXBuildFile; fileRef = F8C44EA92BF6F8D000A1648A /* Assets.xcassets */; };
		F8C44EAD2BF6F8D000A1648A /* LaunchScreen.storyboard in Resources */ = {isa = PBXBuildFile; fileRef = F8C44EAB2BF6F8D000A1648A /* LaunchScreen.storyboard */; };
		F8C44EB02BF6F8D000A1648A /* main.m in Sources */ = {isa = PBXBuildFile; fileRef = F8C44EAF2BF6F8D000A1648A /* main.m */; };
		F8CCEC512BF78A7B00CD35A7 /* CustomButton.m in Sources */ = {isa = PBXBuildFile; fileRef = F8CCEC502BF78A7B00CD35A7 /* CustomButton.m */; };
		F8D540892C1A06DA00F4847A /* Appointment.m in Sources */ = {isa = PBXBuildFile; fileRef = F8D540882C1A06DA00F4847A /* Appointment.m */; };
		F8D5408C2C1A082300F4847A /* AppointmentTableViewCell.m in Sources */ = {isa = PBXBuildFile; fileRef = F8D5408B2C1A082300F4847A /* AppointmentTableViewCell.m */; };
		F8D5408F2C1A084400F4847A /* AppointmentViewController.m in Sources */ = {isa = PBXBuildFile; fileRef = F8D5408E2C1A084300F4847A /* AppointmentViewController.m */; };
		F8D540922C1A0A0C00F4847A /* AppointmentTableViewHeaderCell.m in Sources */ = {isa = PBXBuildFile; fileRef = F8D540912C1A0A0C00F4847A /* AppointmentTableViewHeaderCell.m */; };
/* End PBXBuildFile section */

/* Begin PBXFileReference section */
		F813435B2BFF6C940023A9E3 /* PhotosViewController.h */ = {isa = PBXFileReference; lastKnownFileType = sourcecode.c.h; path = PhotosViewController.h; sourceTree = "<group>"; };
		F813435C2BFF6C940023A9E3 /* PhotosViewController.m */ = {isa = PBXFileReference; lastKnownFileType = sourcecode.c.objc; path = PhotosViewController.m; sourceTree = "<group>"; };
		F813435E2BFF6E790023A9E3 /* PhotoCollectionViewCell.h */ = {isa = PBXFileReference; lastKnownFileType = sourcecode.c.h; path = PhotoCollectionViewCell.h; sourceTree = "<group>"; };
		F813435F2BFF6E790023A9E3 /* PhotoCollectionViewCell.m */ = {isa = PBXFileReference; lastKnownFileType = sourcecode.c.objc; path = PhotoCollectionViewCell.m; sourceTree = "<group>"; };
		F81343612BFF79750023A9E3 /* photo7.png */ = {isa = PBXFileReference; lastKnownFileType = image.png; path = photo7.png; sourceTree = "<group>"; };
		F81343622BFF79770023A9E3 /* photo3.png */ = {isa = PBXFileReference; lastKnownFileType = image.png; path = photo3.png; sourceTree = "<group>"; };
		F81343632BFF79780023A9E3 /* photo1.png */ = {isa = PBXFileReference; lastKnownFileType = image.png; path = photo1.png; sourceTree = "<group>"; };
		F81343642BFF79790023A9E3 /* photo2.png */ = {isa = PBXFileReference; lastKnownFileType = image.png; path = photo2.png; sourceTree = "<group>"; };
		F81343652BFF79790023A9E3 /* photo4.png */ = {isa = PBXFileReference; lastKnownFileType = image.png; path = photo4.png; sourceTree = "<group>"; };
		F81343662BFF79790023A9E3 /* photo5.png */ = {isa = PBXFileReference; lastKnownFileType = image.png; path = photo5.png; sourceTree = "<group>"; };
		F81343672BFF797A0023A9E3 /* photo6.png */ = {isa = PBXFileReference; lastKnownFileType = image.png; path = photo6.png; sourceTree = "<group>"; };
		F885ABA82C19D2F3002E61DB /* FinancialsViewController.h */ = {isa = PBXFileReference; lastKnownFileType = sourcecode.c.h; path = FinancialsViewController.h; sourceTree = "<group>"; };
		F885ABA92C19D2F3002E61DB /* FinancialsViewController.m */ = {isa = PBXFileReference; lastKnownFileType = sourcecode.c.objc; path = FinancialsViewController.m; sourceTree = "<group>"; };
		F885ABAB2C19D372002E61DB /* FinancialsTableViewCell.h */ = {isa = PBXFileReference; lastKnownFileType = sourcecode.c.h; path = FinancialsTableViewCell.h; sourceTree = "<group>"; };
		F885ABAC2C19D372002E61DB /* FinancialsTableViewCell.m */ = {isa = PBXFileReference; lastKnownFileType = sourcecode.c.objc; path = FinancialsTableViewCell.m; sourceTree = "<group>"; };
		F885ABAE2C19E2B2002E61DB /* FinancialItem.h */ = {isa = PBXFileReference; lastKnownFileType = sourcecode.c.h; path = FinancialItem.h; sourceTree = "<group>"; };
		F885ABAF2C19E2B2002E61DB /* FinancialItem.m */ = {isa = PBXFileReference; lastKnownFileType = sourcecode.c.objc; path = FinancialItem.m; sourceTree = "<group>"; };
		F88AC59A2BFC369B00B24B09 /* EMRTableViewCell.h */ = {isa = PBXFileReference; lastKnownFileType = sourcecode.c.h; path = EMRTableViewCell.h; sourceTree = "<group>"; };
		F88AC59B2BFC369B00B24B09 /* EMRTableViewCell.m */ = {isa = PBXFileReference; lastKnownFileType = sourcecode.c.objc; path = EMRTableViewCell.m; sourceTree = "<group>"; };
		F88AC59D2BFC3E9E00B24B09 /* EMRViewController.h */ = {isa = PBXFileReference; lastKnownFileType = sourcecode.c.h; path = EMRViewController.h; sourceTree = "<group>"; };
		F88AC59E2BFC3E9E00B24B09 /* EMRViewController.m */ = {isa = PBXFileReference; lastKnownFileType = sourcecode.c.objc; path = EMRViewController.m; sourceTree = "<group>"; };
		F88AC5A02BFC3F5000B24B09 /* EMRItem.h */ = {isa = PBXFileReference; lastKnownFileType = sourcecode.c.h; path = EMRItem.h; sourceTree = "<group>"; };
		F88AC5A12BFC3F5000B24B09 /* EMRItem.m */ = {isa = PBXFileReference; lastKnownFileType = sourcecode.c.objc; path = EMRItem.m; sourceTree = "<group>"; };
		F88F88142BFCC51C004D3149 /* PaddingLabel.h */ = {isa = PBXFileReference; lastKnownFileType = sourcecode.c.h; path = PaddingLabel.h; sourceTree = "<group>"; };
		F88F88152BFCC51C004D3149 /* PaddingLabel.m */ = {isa = PBXFileReference; lastKnownFileType = sourcecode.c.objc; path = PaddingLabel.m; sourceTree = "<group>"; };
		F88F88172BFCDFC4004D3149 /* CommunicationViewController.h */ = {isa = PBXFileReference; lastKnownFileType = sourcecode.c.h; path = CommunicationViewController.h; sourceTree = "<group>"; };
		F88F88182BFCDFC5004D3149 /* CommunicationViewController.m */ = {isa = PBXFileReference; lastKnownFileType = sourcecode.c.objc; path = CommunicationViewController.m; sourceTree = "<group>"; };
		F88F881A2BFCE0BD004D3149 /* CommunicationTableViewCell.h */ = {isa = PBXFileReference; lastKnownFileType = sourcecode.c.h; path = CommunicationTableViewCell.h; sourceTree = "<group>"; };
		F88F881B2BFCE0BD004D3149 /* CommunicationTableViewCell.m */ = {isa = PBXFileReference; lastKnownFileType = sourcecode.c.objc; path = CommunicationTableViewCell.m; sourceTree = "<group>"; };
		F88F881D2BFCE153004D3149 /* Communication.h */ = {isa = PBXFileReference; lastKnownFileType = sourcecode.c.h; path = Communication.h; sourceTree = "<group>"; };
		F88F881E2BFCE153004D3149 /* Communication.m */ = {isa = PBXFileReference; lastKnownFileType = sourcecode.c.objc; path = Communication.m; sourceTree = "<group>"; };
		F89D351A2BF8A0F100600330 /* DetailsViewController.h */ = {isa = PBXFileReference; lastKnownFileType = sourcecode.c.h; path = DetailsViewController.h; sourceTree = "<group>"; };
		F89D351B2BF8A0F100600330 /* DetailsViewController.m */ = {isa = PBXFileReference; lastKnownFileType = sourcecode.c.objc; path = DetailsViewController.m; sourceTree = "<group>"; };
		F89D351E2BF8A21600600330 /* DetailsTableViewCell.h */ = {isa = PBXFileReference; lastKnownFileType = sourcecode.c.h; path = DetailsTableViewCell.h; sourceTree = "<group>"; };
		F89D351F2BF8A21600600330 /* DetailsTableViewCell.m */ = {isa = PBXFileReference; lastKnownFileType = sourcecode.c.objc; path = DetailsTableViewCell.m; sourceTree = "<group>"; };
		F89D35212BF8AA2B00600330 /* DocumentsViewController.h */ = {isa = PBXFileReference; lastKnownFileType = sourcecode.c.h; path = DocumentsViewController.h; sourceTree = "<group>"; };
		F89D35222BF8AA2B00600330 /* DocumentsViewController.m */ = {isa = PBXFileReference; lastKnownFileType = sourcecode.c.objc; path = DocumentsViewController.m; sourceTree = "<group>"; };
		F89D35252BF8ABD400600330 /* Document.h */ = {isa = PBXFileReference; lastKnownFileType = sourcecode.c.h; path = Document.h; sourceTree = "<group>"; };
		F89D35262BF8ABD400600330 /* Document.m */ = {isa = PBXFileReference; lastKnownFileType = sourcecode.c.objc; path = Document.m; sourceTree = "<group>"; };
		F89D35282BF8AD5D00600330 /* DocumentTableViewCell.h */ = {isa = PBXFileReference; lastKnownFileType = sourcecode.c.h; path = DocumentTableViewCell.h; sourceTree = "<group>"; };
		F89D35292BF8AD5D00600330 /* DocumentTableViewCell.m */ = {isa = PBXFileReference; lastKnownFileType = sourcecode.c.objc; path = DocumentTableViewCell.m; sourceTree = "<group>"; };
		F8A9645A2BFD2B5D0077DAC1 /* NotesViewController.h */ = {isa = PBXFileReference; lastKnownFileType = sourcecode.c.h; path = NotesViewController.h; sourceTree = "<group>"; };
		F8A9645B2BFD2B5D0077DAC1 /* NotesViewController.m */ = {isa = PBXFileReference; lastKnownFileType = sourcecode.c.objc; path = NotesViewController.m; sourceTree = "<group>"; };
		F8A9645D2BFD2C450077DAC1 /* Note.h */ = {isa = PBXFileReference; lastKnownFileType = sourcecode.c.h; path = Note.h; sourceTree = "<group>"; };
		F8A9645E2BFD2C450077DAC1 /* Note.m */ = {isa = PBXFileReference; lastKnownFileType = sourcecode.c.objc; path = Note.m; sourceTree = "<group>"; };
		F8A964602BFD2D010077DAC1 /* NotesTableViewCell.h */ = {isa = PBXFileReference; lastKnownFileType = sourcecode.c.h; path = NotesTableViewCell.h; sourceTree = "<group>"; };
		F8A964612BFD2D010077DAC1 /* NotesTableViewCell.m */ = {isa = PBXFileReference; lastKnownFileType = sourcecode.c.objc; path = NotesTableViewCell.m; sourceTree = "<group>"; };
		F8A964642BFD2E2E0077DAC1 /* avatar1.png */ = {isa = PBXFileReference; lastKnownFileType = image.png; path = avatar1.png; sourceTree = "<group>"; };
		F8A964652BFD2E2E0077DAC1 /* avatar3.png */ = {isa = PBXFileReference; lastKnownFileType = image.png; path = avatar3.png; sourceTree = "<group>"; };
		F8A964662BFD2E2E0077DAC1 /* avatar2.png */ = {isa = PBXFileReference; lastKnownFileType = image.png; path = avatar2.png; sourceTree = "<group>"; };
		F8A964672BFD2E2E0077DAC1 /* avatar4.png */ = {isa = PBXFileReference; lastKnownFileType = image.png; path = avatar4.png; sourceTree = "<group>"; };
		F8C44E9A2BF6F88B00A1648A /* Clients.app */ = {isa = PBXFileReference; explicitFileType = wrapper.application; includeInIndex = 0; path = Clients.app; sourceTree = BUILT_PRODUCTS_DIR; };
		F8C44E9D2BF6F88B00A1648A /* AppDelegate.h */ = {isa = PBXFileReference; lastKnownFileType = sourcecode.c.h; path = AppDelegate.h; sourceTree = "<group>"; };
		F8C44E9E2BF6F88C00A1648A /* AppDelegate.m */ = {isa = PBXFileReference; lastKnownFileType = sourcecode.c.objc; path = AppDelegate.m; sourceTree = "<group>"; };
		F8C44EA02BF6F88C00A1648A /* SceneDelegate.h */ = {isa = PBXFileReference; lastKnownFileType = sourcecode.c.h; path = SceneDelegate.h; sourceTree = "<group>"; };
		F8C44EA12BF6F88C00A1648A /* SceneDelegate.m */ = {isa = PBXFileReference; lastKnownFileType = sourcecode.c.objc; path = SceneDelegate.m; sourceTree = "<group>"; };
		F8C44EA32BF6F88C00A1648A /* ViewController.h */ = {isa = PBXFileReference; lastKnownFileType = sourcecode.c.h; path = ViewController.h; sourceTree = "<group>"; };
		F8C44EA42BF6F88C00A1648A /* ViewController.m */ = {isa = PBXFileReference; lastKnownFileType = sourcecode.c.objc; path = ViewController.m; sourceTree = "<group>"; };
		F8C44EA72BF6F88C00A1648A /* Base */ = {isa = PBXFileReference; lastKnownFileType = file.storyboard; name = Base; path = Base.lproj/Main.storyboard; sourceTree = "<group>"; };
		F8C44EA92BF6F8D000A1648A /* Assets.xcassets */ = {isa = PBXFileReference; lastKnownFileType = folder.assetcatalog; path = Assets.xcassets; sourceTree = "<group>"; };
		F8C44EAC2BF6F8D000A1648A /* Base */ = {isa = PBXFileReference; lastKnownFileType = file.storyboard; name = Base; path = Base.lproj/LaunchScreen.storyboard; sourceTree = "<group>"; };
		F8C44EAE2BF6F8D000A1648A /* Info.plist */ = {isa = PBXFileReference; lastKnownFileType = text.plist.xml; path = Info.plist; sourceTree = "<group>"; };
		F8C44EAF2BF6F8D000A1648A /* main.m */ = {isa = PBXFileReference; lastKnownFileType = sourcecode.c.objc; path = main.m; sourceTree = "<group>"; };
		F8CCEC4F2BF78A7B00CD35A7 /* CustomButton.h */ = {isa = PBXFileReference; lastKnownFileType = sourcecode.c.h; path = CustomButton.h; sourceTree = "<group>"; };
		F8CCEC502BF78A7B00CD35A7 /* CustomButton.m */ = {isa = PBXFileReference; lastKnownFileType = sourcecode.c.objc; path = CustomButton.m; sourceTree = "<group>"; };
		F8D540872C1A06DA00F4847A /* Appointment.h */ = {isa = PBXFileReference; lastKnownFileType = sourcecode.c.h; path = Appointment.h; sourceTree = "<group>"; };
		F8D540882C1A06DA00F4847A /* Appointment.m */ = {isa = PBXFileReference; lastKnownFileType = sourcecode.c.objc; path = Appointment.m; sourceTree = "<group>"; };
		F8D5408A2C1A082300F4847A /* AppointmentTableViewCell.h */ = {isa = PBXFileReference; lastKnownFileType = sourcecode.c.h; path = AppointmentTableViewCell.h; sourceTree = "<group>"; };
		F8D5408B2C1A082300F4847A /* AppointmentTableViewCell.m */ = {isa = PBXFileReference; lastKnownFileType = sourcecode.c.objc; path = AppointmentTableViewCell.m; sourceTree = "<group>"; };
		F8D5408D2C1A084300F4847A /* AppointmentViewController.h */ = {isa = PBXFileReference; lastKnownFileType = sourcecode.c.h; path = AppointmentViewController.h; sourceTree = "<group>"; };
		F8D5408E2C1A084300F4847A /* AppointmentViewController.m */ = {isa = PBXFileReference; lastKnownFileType = sourcecode.c.objc; path = AppointmentViewController.m; sourceTree = "<group>"; };
		F8D540902C1A0A0C00F4847A /* AppointmentTableViewHeaderCell.h */ = {isa = PBXFileReference; lastKnownFileType = sourcecode.c.h; path = AppointmentTableViewHeaderCell.h; sourceTree = "<group>"; };
		F8D540912C1A0A0C00F4847A /* AppointmentTableViewHeaderCell.m */ = {isa = PBXFileReference; lastKnownFileType = sourcecode.c.objc; path = AppointmentTableViewHeaderCell.m; sourceTree = "<group>"; };
/* End PBXFileReference section */

/* Begin PBXFrameworksBuildPhase section */
		F8C44E972BF6F88B00A1648A /* Frameworks */ = {
			isa = PBXFrameworksBuildPhase;
			buildActionMask = 2147483647;
			files = (
			);
			runOnlyForDeploymentPostprocessing = 0;
		};
/* End PBXFrameworksBuildPhase section */

/* Begin PBXGroup section */
		F89D35192BF89F4900600330 /* subviews */ = {
			isa = PBXGroup;
			children = (
				F89D351A2BF8A0F100600330 /* DetailsViewController.h */,
				F89D351B2BF8A0F100600330 /* DetailsViewController.m */,
				F89D35212BF8AA2B00600330 /* DocumentsViewController.h */,
				F89D35222BF8AA2B00600330 /* DocumentsViewController.m */,
				F88AC59D2BFC3E9E00B24B09 /* EMRViewController.h */,
				F88AC59E2BFC3E9E00B24B09 /* EMRViewController.m */,
				F88F88172BFCDFC4004D3149 /* CommunicationViewController.h */,
				F88F88182BFCDFC5004D3149 /* CommunicationViewController.m */,
				F8A9645A2BFD2B5D0077DAC1 /* NotesViewController.h */,
				F8A9645B2BFD2B5D0077DAC1 /* NotesViewController.m */,
				F813435B2BFF6C940023A9E3 /* PhotosViewController.h */,
				F813435C2BFF6C940023A9E3 /* PhotosViewController.m */,
				F885ABA82C19D2F3002E61DB /* FinancialsViewController.h */,
				F885ABA92C19D2F3002E61DB /* FinancialsViewController.m */,
				F8D5408D2C1A084300F4847A /* AppointmentViewController.h */,
				F8D5408E2C1A084300F4847A /* AppointmentViewController.m */,
			);
			path = subviews;
			sourceTree = "<group>";
		};
		F89D351D2BF8A16900600330 /* tableCells */ = {
			isa = PBXGroup;
			children = (
				F89D351E2BF8A21600600330 /* DetailsTableViewCell.h */,
				F89D351F2BF8A21600600330 /* DetailsTableViewCell.m */,
				F89D35282BF8AD5D00600330 /* DocumentTableViewCell.h */,
				F89D35292BF8AD5D00600330 /* DocumentTableViewCell.m */,
				F88AC59A2BFC369B00B24B09 /* EMRTableViewCell.h */,
				F88AC59B2BFC369B00B24B09 /* EMRTableViewCell.m */,
				F88F881A2BFCE0BD004D3149 /* CommunicationTableViewCell.h */,
				F88F881B2BFCE0BD004D3149 /* CommunicationTableViewCell.m */,
				F8A964602BFD2D010077DAC1 /* NotesTableViewCell.h */,
				F8A964612BFD2D010077DAC1 /* NotesTableViewCell.m */,
				F813435E2BFF6E790023A9E3 /* PhotoCollectionViewCell.h */,
				F813435F2BFF6E790023A9E3 /* PhotoCollectionViewCell.m */,
				F885ABAB2C19D372002E61DB /* FinancialsTableViewCell.h */,
				F885ABAC2C19D372002E61DB /* FinancialsTableViewCell.m */,
				F8D5408A2C1A082300F4847A /* AppointmentTableViewCell.h */,
				F8D5408B2C1A082300F4847A /* AppointmentTableViewCell.m */,
				F8D540902C1A0A0C00F4847A /* AppointmentTableViewHeaderCell.h */,
				F8D540912C1A0A0C00F4847A /* AppointmentTableViewHeaderCell.m */,
			);
			path = tableCells;
			sourceTree = "<group>";
		};
		F89D35242BF8ABBD00600330 /* models */ = {
			isa = PBXGroup;
			children = (
				F89D35252BF8ABD400600330 /* Document.h */,
				F89D35262BF8ABD400600330 /* Document.m */,
				F88AC5A02BFC3F5000B24B09 /* EMRItem.h */,
				F88AC5A12BFC3F5000B24B09 /* EMRItem.m */,
				F88F881D2BFCE153004D3149 /* Communication.h */,
				F88F881E2BFCE153004D3149 /* Communication.m */,
				F8A9645D2BFD2C450077DAC1 /* Note.h */,
				F8A9645E2BFD2C450077DAC1 /* Note.m */,
				F885ABAE2C19E2B2002E61DB /* FinancialItem.h */,
				F885ABAF2C19E2B2002E61DB /* FinancialItem.m */,
				F8D540872C1A06DA00F4847A /* Appointment.h */,
				F8D540882C1A06DA00F4847A /* Appointment.m */,
			);
			path = models;
			sourceTree = "<group>";
		};
		F8A964632BFD2DC40077DAC1 /* images */ = {
			isa = PBXGroup;
			children = (
				F81343632BFF79780023A9E3 /* photo1.png */,
				F81343642BFF79790023A9E3 /* photo2.png */,
				F81343622BFF79770023A9E3 /* photo3.png */,
				F81343652BFF79790023A9E3 /* photo4.png */,
				F81343662BFF79790023A9E3 /* photo5.png */,
				F81343672BFF797A0023A9E3 /* photo6.png */,
				F81343612BFF79750023A9E3 /* photo7.png */,
				F8A964642BFD2E2E0077DAC1 /* avatar1.png */,
				F8A964662BFD2E2E0077DAC1 /* avatar2.png */,
				F8A964652BFD2E2E0077DAC1 /* avatar3.png */,
				F8A964672BFD2E2E0077DAC1 /* avatar4.png */,
			);
			path = images;
			sourceTree = "<group>";
		};
		F8C44E912BF6F88A00A1648A = {
			isa = PBXGroup;
			children = (
				F8C44E9C2BF6F88B00A1648A /* Clients */,
				F8C44E9B2BF6F88B00A1648A /* Products */,
			);
			sourceTree = "<group>";
		};
		F8C44E9B2BF6F88B00A1648A /* Products */ = {
			isa = PBXGroup;
			children = (
				F8C44E9A2BF6F88B00A1648A /* Clients.app */,
			);
			name = Products;
			sourceTree = "<group>";
		};
		F8C44E9C2BF6F88B00A1648A /* Clients */ = {
			isa = PBXGroup;
			children = (
				F8A964632BFD2DC40077DAC1 /* images */,
				F89D35242BF8ABBD00600330 /* models */,
				F89D351D2BF8A16900600330 /* tableCells */,
				F89D35192BF89F4900600330 /* subviews */,
				F8CCEC4E2BF78A3C00CD35A7 /* components */,
				F8C44E9D2BF6F88B00A1648A /* AppDelegate.h */,
				F8C44E9E2BF6F88C00A1648A /* AppDelegate.m */,
				F8C44EA02BF6F88C00A1648A /* SceneDelegate.h */,
				F8C44EA12BF6F88C00A1648A /* SceneDelegate.m */,
				F8C44EA32BF6F88C00A1648A /* ViewController.h */,
				F8C44EA42BF6F88C00A1648A /* ViewController.m */,
				F8C44EA62BF6F88C00A1648A /* Main.storyboard */,
				F8C44EA92BF6F8D000A1648A /* Assets.xcassets */,
				F8C44EAB2BF6F8D000A1648A /* LaunchScreen.storyboard */,
				F8C44EAE2BF6F8D000A1648A /* Info.plist */,
				F8C44EAF2BF6F8D000A1648A /* main.m */,
			);
			path = Clients;
			sourceTree = "<group>";
		};
		F8CCEC4E2BF78A3C00CD35A7 /* components */ = {
			isa = PBXGroup;
			children = (
				F8CCEC4F2BF78A7B00CD35A7 /* CustomButton.h */,
				F8CCEC502BF78A7B00CD35A7 /* CustomButton.m */,
				F88F88142BFCC51C004D3149 /* PaddingLabel.h */,
				F88F88152BFCC51C004D3149 /* PaddingLabel.m */,
			);
			path = components;
			sourceTree = "<group>";
		};
/* End PBXGroup section */

/* Begin PBXNativeTarget section */
		F8C44E992BF6F88B00A1648A /* Clients */ = {
			isa = PBXNativeTarget;
			buildConfigurationList = F8C44EB32BF6F8D000A1648A /* Build configuration list for PBXNativeTarget "Clients" */;
			buildPhases = (
				F8C44E962BF6F88B00A1648A /* Sources */,
				F8C44E972BF6F88B00A1648A /* Frameworks */,
				F8C44E982BF6F88B00A1648A /* Resources */,
			);
			buildRules = (
			);
			dependencies = (
			);
			name = Clients;
			productName = Clients;
			productReference = F8C44E9A2BF6F88B00A1648A /* Clients.app */;
			productType = "com.apple.product-type.application";
		};
/* End PBXNativeTarget section */

/* Begin PBXProject section */
		F8C44E922BF6F88A00A1648A /* Project object */ = {
			isa = PBXProject;
			attributes = {
				BuildIndependentTargetsInParallel = 1;
				LastUpgradeCheck = 1420;
				TargetAttributes = {
					F8C44E992BF6F88B00A1648A = {
						CreatedOnToolsVersion = 14.2;
					};
				};
			};
			buildConfigurationList = F8C44E952BF6F88A00A1648A /* Build configuration list for PBXProject "Clients" */;
			compatibilityVersion = "Xcode 14.0";
			developmentRegion = en;
			hasScannedForEncodings = 0;
			knownRegions = (
				en,
				Base,
			);
			mainGroup = F8C44E912BF6F88A00A1648A;
			productRefGroup = F8C44E9B2BF6F88B00A1648A /* Products */;
			projectDirPath = "";
			projectRoot = "";
			targets = (
				F8C44E992BF6F88B00A1648A /* Clients */,
			);
		};
/* End PBXProject section */

/* Begin PBXResourcesBuildPhase section */
		F8C44E982BF6F88B00A1648A /* Resources */ = {
			isa = PBXResourcesBuildPhase;
			buildActionMask = 2147483647;
			files = (
				F813436A2BFF797A0023A9E3 /* photo1.png in Resources */,
				F8C44EAD2BF6F8D000A1648A /* LaunchScreen.storyboard in Resources */,
				F8C44EAA2BF6F8D000A1648A /* Assets.xcassets in Resources */,
				F813436C2BFF797A0023A9E3 /* photo4.png in Resources */,
				F813436D2BFF797A0023A9E3 /* photo5.png in Resources */,
				F813436E2BFF797A0023A9E3 /* photo6.png in Resources */,
				F8A964692BFD2E2E0077DAC1 /* avatar3.png in Resources */,
				F8A964682BFD2E2E0077DAC1 /* avatar1.png in Resources */,
				F8C44EA82BF6F88C00A1648A /* Main.storyboard in Resources */,
				F8A9646B2BFD2E2E0077DAC1 /* avatar4.png in Resources */,
				F81343682BFF797A0023A9E3 /* photo7.png in Resources */,
				F81343692BFF797A0023A9E3 /* photo3.png in Resources */,
				F8A9646A2BFD2E2E0077DAC1 /* avatar2.png in Resources */,
				F813436B2BFF797A0023A9E3 /* photo2.png in Resources */,
			);
			runOnlyForDeploymentPostprocessing = 0;
		};
/* End PBXResourcesBuildPhase section */

/* Begin PBXSourcesBuildPhase section */
		F8C44E962BF6F88B00A1648A /* Sources */ = {
			isa = PBXSourcesBuildPhase;
			buildActionMask = 2147483647;
			files = (
				F88F881C2BFCE0BD004D3149 /* CommunicationTableViewCell.m in Sources */,
				F89D352A2BF8AD5D00600330 /* DocumentTableViewCell.m in Sources */,
				F88AC5A22BFC3F5000B24B09 /* EMRItem.m in Sources */,
				F8D540892C1A06DA00F4847A /* Appointment.m in Sources */,
				F8D5408C2C1A082300F4847A /* AppointmentTableViewCell.m in Sources */,
				F8D540922C1A0A0C00F4847A /* AppointmentTableViewHeaderCell.m in Sources */,
				F885ABAA2C19D2F3002E61DB /* FinancialsViewController.m in Sources */,
				F89D35272BF8ABD400600330 /* Document.m in Sources */,
				F8C44EA52BF6F88C00A1648A /* ViewController.m in Sources */,
				F8A9645F2BFD2C450077DAC1 /* Note.m in Sources */,
				F88AC59C2BFC369C00B24B09 /* EMRTableViewCell.m in Sources */,
				F8A964622BFD2D010077DAC1 /* NotesTableViewCell.m in Sources */,
				F8CCEC512BF78A7B00CD35A7 /* CustomButton.m in Sources */,
				F89D35202BF8A21600600330 /* DetailsTableViewCell.m in Sources */,
				F813435D2BFF6C940023A9E3 /* PhotosViewController.m in Sources */,
				F8A9645C2BFD2B5D0077DAC1 /* NotesViewController.m in Sources */,
				F8C44E9F2BF6F88C00A1648A /* AppDelegate.m in Sources */,
				F8D5408F2C1A084400F4847A /* AppointmentViewController.m in Sources */,
				F89D351C2BF8A0F200600330 /* DetailsViewController.m in Sources */,
				F885ABAD2C19D372002E61DB /* FinancialsTableViewCell.m in Sources */,
				F89D35232BF8AA2B00600330 /* DocumentsViewController.m in Sources */,
				F81343602BFF6E790023A9E3 /* PhotoCollectionViewCell.m in Sources */,
				F88F88162BFCC51C004D3149 /* PaddingLabel.m in Sources */,
				F88AC59F2BFC3E9F00B24B09 /* EMRViewController.m in Sources */,
				F88F88192BFCDFC5004D3149 /* CommunicationViewController.m in Sources */,
				F8C44EB02BF6F8D000A1648A /* main.m in Sources */,
				F8C44EA22BF6F88C00A1648A /* SceneDelegate.m in Sources */,
				F88F881F2BFCE153004D3149 /* Communication.m in Sources */,
				F885ABB02C19E2B2002E61DB /* FinancialItem.m in Sources */,
			);
			runOnlyForDeploymentPostprocessing = 0;
		};
/* End PBXSourcesBuildPhase section */

/* Begin PBXVariantGroup section */
		F8C44EA62BF6F88C00A1648A /* Main.storyboard */ = {
			isa = PBXVariantGroup;
			children = (
				F8C44EA72BF6F88C00A1648A /* Base */,
			);
			name = Main.storyboard;
			sourceTree = "<group>";
		};
		F8C44EAB2BF6F8D000A1648A /* LaunchScreen.storyboard */ = {
			isa = PBXVariantGroup;
			children = (
				F8C44EAC2BF6F8D000A1648A /* Base */,
			);
			name = LaunchScreen.storyboard;
			sourceTree = "<group>";
		};
/* End PBXVariantGroup section */

/* Begin XCBuildConfiguration section */
		F8C44EB12BF6F8D000A1648A /* Debug */ = {
			isa = XCBuildConfiguration;
			buildSettings = {
				ALWAYS_SEARCH_USER_PATHS = NO;
				CLANG_ANALYZER_NONNULL = YES;
				CLANG_ANALYZER_NUMBER_OBJECT_CONVERSION = YES_AGGRESSIVE;
				CLANG_CXX_LANGUAGE_STANDARD = "gnu++20";
				CLANG_ENABLE_MODULES = YES;
				CLANG_ENABLE_OBJC_ARC = YES;
				CLANG_ENABLE_OBJC_WEAK = YES;
				CLANG_WARN_BLOCK_CAPTURE_AUTORELEASING = YES;
				CLANG_WARN_BOOL_CONVERSION = YES;
				CLANG_WARN_COMMA = YES;
				CLANG_WARN_CONSTANT_CONVERSION = YES;
				CLANG_WARN_DEPRECATED_OBJC_IMPLEMENTATIONS = YES;
				CLANG_WARN_DIRECT_OBJC_ISA_USAGE = YES_ERROR;
				CLANG_WARN_DOCUMENTATION_COMMENTS = YES;
				CLANG_WARN_EMPTY_BODY = YES;
				CLANG_WARN_ENUM_CONVERSION = YES;
				CLANG_WARN_INFINITE_RECURSION = YES;
				CLANG_WARN_INT_CONVERSION = YES;
				CLANG_WARN_NON_LITERAL_NULL_CONVERSION = YES;
				CLANG_WARN_OBJC_IMPLICIT_RETAIN_SELF = YES;
				CLANG_WARN_OBJC_LITERAL_CONVERSION = YES;
				CLANG_WARN_OBJC_ROOT_CLASS = YES_ERROR;
				CLANG_WARN_QUOTED_INCLUDE_IN_FRAMEWORK_HEADER = YES;
				CLANG_WARN_RANGE_LOOP_ANALYSIS = YES;
				CLANG_WARN_STRICT_PROTOTYPES = YES;
				CLANG_WARN_SUSPICIOUS_MOVE = YES;
				CLANG_WARN_UNGUARDED_AVAILABILITY = YES_AGGRESSIVE;
				CLANG_WARN_UNREACHABLE_CODE = YES;
				CLANG_WARN__DUPLICATE_METHOD_MATCH = YES;
				COPY_PHASE_STRIP = NO;
				DEBUG_INFORMATION_FORMAT = dwarf;
				ENABLE_STRICT_OBJC_MSGSEND = YES;
				ENABLE_TESTABILITY = YES;
				GCC_C_LANGUAGE_STANDARD = gnu11;
				GCC_DYNAMIC_NO_PIC = NO;
				GCC_NO_COMMON_BLOCKS = YES;
				GCC_OPTIMIZATION_LEVEL = 0;
				GCC_PREPROCESSOR_DEFINITIONS = (
					"DEBUG=1",
					"$(inherited)",
				);
				GCC_WARN_64_TO_32_BIT_CONVERSION = YES;
				GCC_WARN_ABOUT_RETURN_TYPE = YES_ERROR;
				GCC_WARN_UNDECLARED_SELECTOR = YES;
				GCC_WARN_UNINITIALIZED_AUTOS = YES_AGGRESSIVE;
				GCC_WARN_UNUSED_FUNCTION = YES;
				GCC_WARN_UNUSED_VARIABLE = YES;
				IPHONEOS_DEPLOYMENT_TARGET = 16.2;
				MTL_ENABLE_DEBUG_INFO = INCLUDE_SOURCE;
				MTL_FAST_MATH = YES;
				ONLY_ACTIVE_ARCH = YES;
				SDKROOT = iphoneos;
			};
			name = Debug;
		};
		F8C44EB22BF6F8D000A1648A /* Release */ = {
			isa = XCBuildConfiguration;
			buildSettings = {
				ALWAYS_SEARCH_USER_PATHS = NO;
				CLANG_ANALYZER_NONNULL = YES;
				CLANG_ANALYZER_NUMBER_OBJECT_CONVERSION = YES_AGGRESSIVE;
				CLANG_CXX_LANGUAGE_STANDARD = "gnu++20";
				CLANG_ENABLE_MODULES = YES;
				CLANG_ENABLE_OBJC_ARC = YES;
				CLANG_ENABLE_OBJC_WEAK = YES;
				CLANG_WARN_BLOCK_CAPTURE_AUTORELEASING = YES;
				CLANG_WARN_BOOL_CONVERSION = YES;
				CLANG_WARN_COMMA = YES;
				CLANG_WARN_CONSTANT_CONVERSION = YES;
				CLANG_WARN_DEPRECATED_OBJC_IMPLEMENTATIONS = YES;
				CLANG_WARN_DIRECT_OBJC_ISA_USAGE = YES_ERROR;
				CLANG_WARN_DOCUMENTATION_COMMENTS = YES;
				CLANG_WARN_EMPTY_BODY = YES;
				CLANG_WARN_ENUM_CONVERSION = YES;
				CLANG_WARN_INFINITE_RECURSION = YES;
				CLANG_WARN_INT_CONVERSION = YES;
				CLANG_WARN_NON_LITERAL_NULL_CONVERSION = YES;
				CLANG_WARN_OBJC_IMPLICIT_RETAIN_SELF = YES;
				CLANG_WARN_OBJC_LITERAL_CONVERSION = YES;
				CLANG_WARN_OBJC_ROOT_CLASS = YES_ERROR;
				CLANG_WARN_QUOTED_INCLUDE_IN_FRAMEWORK_HEADER = YES;
				CLANG_WARN_RANGE_LOOP_ANALYSIS = YES;
				CLANG_WARN_STRICT_PROTOTYPES = YES;
				CLANG_WARN_SUSPICIOUS_MOVE = YES;
				CLANG_WARN_UNGUARDED_AVAILABILITY = YES_AGGRESSIVE;
				CLANG_WARN_UNREACHABLE_CODE = YES;
				CLANG_WARN__DUPLICATE_METHOD_MATCH = YES;
				COPY_PHASE_STRIP = NO;
				DEBUG_INFORMATION_FORMAT = "dwarf-with-dsym";
				ENABLE_NS_ASSERTIONS = NO;
				ENABLE_STRICT_OBJC_MSGSEND = YES;
				GCC_C_LANGUAGE_STANDARD = gnu11;
				GCC_NO_COMMON_BLOCKS = YES;
				GCC_WARN_64_TO_32_BIT_CONVERSION = YES;
				GCC_WARN_ABOUT_RETURN_TYPE = YES_ERROR;
				GCC_WARN_UNDECLARED_SELECTOR = YES;
				GCC_WARN_UNINITIALIZED_AUTOS = YES_AGGRESSIVE;
				GCC_WARN_UNUSED_FUNCTION = YES;
				GCC_WARN_UNUSED_VARIABLE = YES;
				IPHONEOS_DEPLOYMENT_TARGET = 16.2;
				MTL_ENABLE_DEBUG_INFO = NO;
				MTL_FAST_MATH = YES;
				SDKROOT = iphoneos;
				VALIDATE_PRODUCT = YES;
			};
			name = Release;
		};
		F8C44EB42BF6F8D000A1648A /* Debug */ = {
			isa = XCBuildConfiguration;
			buildSettings = {
				ASSETCATALOG_COMPILER_APPICON_NAME = AppIcon;
				ASSETCATALOG_COMPILER_GLOBAL_ACCENT_COLOR_NAME = AccentColor;
				CODE_SIGN_STYLE = Automatic;
				CURRENT_PROJECT_VERSION = 1;
				GENERATE_INFOPLIST_FILE = YES;
				INFOPLIST_FILE = Clients/Info.plist;
				INFOPLIST_KEY_UIApplicationSupportsIndirectInputEvents = YES;
				INFOPLIST_KEY_UILaunchStoryboardName = LaunchScreen;
				INFOPLIST_KEY_UIMainStoryboardFile = Main;
				INFOPLIST_KEY_UISupportedInterfaceOrientations_iPad = "UIInterfaceOrientationPortrait UIInterfaceOrientationPortraitUpsideDown UIInterfaceOrientationLandscapeLeft UIInterfaceOrientationLandscapeRight";
				INFOPLIST_KEY_UISupportedInterfaceOrientations_iPhone = "UIInterfaceOrientationPortrait UIInterfaceOrientationLandscapeLeft UIInterfaceOrientationLandscapeRight";
				LD_RUNPATH_SEARCH_PATHS = (
					"$(inherited)",
					"@executable_path/Frameworks",
				);
				MARKETING_VERSION = 1.0;
				PRODUCT_BUNDLE_IDENTIFIER = com.test.Clients;
				PRODUCT_NAME = "$(TARGET_NAME)";
				SWIFT_EMIT_LOC_STRINGS = YES;
				TARGETED_DEVICE_FAMILY = "1,2";
			};
			name = Debug;
		};
		F8C44EB52BF6F8D000A1648A /* Release */ = {
			isa = XCBuildConfiguration;
			buildSettings = {
				ASSETCATALOG_COMPILER_APPICON_NAME = AppIcon;
				ASSETCATALOG_COMPILER_GLOBAL_ACCENT_COLOR_NAME = AccentColor;
				CODE_SIGN_STYLE = Automatic;
				CURRENT_PROJECT_VERSION = 1;
				GENERATE_INFOPLIST_FILE = YES;
				INFOPLIST_FILE = Clients/Info.plist;
				INFOPLIST_KEY_UIApplicationSupportsIndirectInputEvents = YES;
				INFOPLIST_KEY_UILaunchStoryboardName = LaunchScreen;
				INFOPLIST_KEY_UIMainStoryboardFile = Main;
				INFOPLIST_KEY_UISupportedInterfaceOrientations_iPad = "UIInterfaceOrientationPortrait UIInterfaceOrientationPortraitUpsideDown UIInterfaceOrientationLandscapeLeft UIInterfaceOrientationLandscapeRight";
				INFOPLIST_KEY_UISupportedInterfaceOrientations_iPhone = "UIInterfaceOrientationPortrait UIInterfaceOrientationLandscapeLeft UIInterfaceOrientationLandscapeRight";
				LD_RUNPATH_SEARCH_PATHS = (
					"$(inherited)",
					"@executable_path/Frameworks",
				);
				MARKETING_VERSION = 1.0;
				PRODUCT_BUNDLE_IDENTIFIER = com.test.Clients;
				PRODUCT_NAME = "$(TARGET_NAME)";
				SWIFT_EMIT_LOC_STRINGS = YES;
				TARGETED_DEVICE_FAMILY = "1,2";
			};
			name = Release;
		};
/* End XCBuildConfiguration section */

/* Begin XCConfigurationList section */
		F8C44E952BF6F88A00A1648A /* Build configuration list for PBXProject "Clients" */ = {
			isa = XCConfigurationList;
			buildConfigurations = (
				F8C44EB12BF6F8D000A1648A /* Debug */,
				F8C44EB22BF6F8D000A1648A /* Release */,
			);
			defaultConfigurationIsVisible = 0;
			defaultConfigurationName = Release;
		};
		F8C44EB32BF6F8D000A1648A /* Build configuration list for PBXNativeTarget "Clients" */ = {
			isa = XCConfigurationList;
			buildConfigurations = (
				F8C44EB42BF6F8D000A1648A /* Debug */,
				F8C44EB52BF6F8D000A1648A /* Release */,
			);
			defaultConfigurationIsVisible = 0;
			defaultConfigurationName = Release;
		};
/* End XCConfigurationList section */
	};
	rootObject = F8C44E922BF6F88A00A1648A /* Project object */;
}
